<?xml version="1.0" encoding="utf-8"?>
<Project ToolsVersion="4.0" xmlns="http://schemas.microsoft.com/developer/msbuild/2003">
  <ItemGroup>
    <ClCompile Include="entry.c" />
    <ClCompile Include="ioctl.c" />
    <ClCompile Include="handlers.c" />
    <ClCompile Include="sha256.c" />
    <ClCompile Include="mmu.c" />
    <ClCompile Include="hwid.c" />
    <ClCompile Include="report.c" />
    <ClCompile Include="hv.c" />
    <ClCompile Include="main.c" />
    <ClCompile Include="config.c" />
    <ClCompile Include="spinlock.c" />
    <ClCompile Include="flow.c" />
    <ClCompile Include="memory.c" />
  </ItemGroup>
  <ItemGroup>
    <ClInclude Include="config.h" />
    <ClInclude Include="ioctl.h" />
    <ClInclude Include="entry.h" />
    <ClInclude Include="handlers.h" />
    <ClInclude Include="sha256.h" />
    <ClInclude Include="mmu.h" />
    <ClInclude Include="hwid.h" />
    <ClInclude Include="common.h" />
    <ClInclude Include="report.h" />
    <ClInclude Include="hv.h" />
    <ClInclude Include="main.h" />
    <ClInclude Include="spinlock.h" />
    <ClInclude Include="flow.h" />
    <ClInclude Include="ia32.h" />
    <ClInclude Include="memory.h" />
  </ItemGroup>
</Project>